PODS:
  - DynamicButton (6.2.0)
  - iOSDropDown (0.3.4)
  - MarkdownKit (1.5)
  - MKProgress (1.1.0)
  - Promis (2.2.0)
  - SearchTextField (1.2.2)
  - SnapKit (4.2.0)

DEPENDENCIES:
  - DynamicButton
  - iOSDropDown
  - MarkdownKit
  - MKProgress
  - Promis
  - SearchTextField
  - SnapKit (~> 4.0)

SPEC REPOS:
  https://github.com/cocoapods/specs.git:
    - DynamicButton
    - iOSDropDown
    - MarkdownKit
    - MKProgress
    - Promis
    - SearchTextField
    - SnapKit

SPEC CHECKSUMS:
  DynamicButton: 99858ce823ceed7263a4eed43bd3870e72723cb2
  iOSDropDown: c10a761f9a00c3f1cc9d3bce43ae504628e2f692
  MarkdownKit: 379028e9cd3ebf05ccac87205cd9aead446159d4
  MKProgress: 260d166200323f3d991190a73ab2dc3a04b0f52f
  Promis: 4b7c710108427d361e29a2be352dc0eff5315456
  SearchTextField: a0992739d4b05dcbb40fb3a5cc6526bd991bdd23
  SnapKit: fe8a619752f3f27075cc9a90244d75c6c3f27e2a

PODFILE CHECKSUM: 5d7f919ff92ee4aeb3e8211695991a534c1272c8

COCOAPODS: 1.6.1
