// !$*UTF8*$!
{
	archiveVersion = 1;
	classes = {
	};
	objectVersion = 50;
	objects = {

/* Begin PBXBuildFile section */
		2E1FB8A1ADAED5C5FA7F34E2 /* Pods_Github_Browser.framework in Frameworks */ = {isa = PBXBuildFile; fileRef = F148CD0BCFF5467E32D146A4 /* Pods_Github_Browser.framework */; };
		A01936D222E23AA900D4D105 /* License.swift in Sources */ = {isa = PBXBuildFile; fileRef = A01936D122E23AA900D4D105 /* License.swift */; };
		A01936D422E3516800D4D105 /* RepositoryTableViewCell.swift in Sources */ = {isa = PBXBuildFile; fileRef = A01936D322E3516800D4D105 /* RepositoryTableViewCell.swift */; };
		A01936D622E3A3B700D4D105 /* SHPaddingLabel.swift in Sources */ = {isa = PBXBuildFile; fileRef = A01936D522E3A3B700D4D105 /* SHPaddingLabel.swift */; };
		A01936D922E4F36A00D4D105 /* SingleRepositoryViewController.swift in Sources */ = {isa = PBXBuildFile; fileRef = A01936D822E4F36A00D4D105 /* SingleRepositoryViewController.swift */; };
		A01936DC22E4F61100D4D105 /* SingleRepositoryView.swift in Sources */ = {isa = PBXBuildFile; fileRef = A01936DB22E4F61100D4D105 /* SingleRepositoryView.swift */; };
		A01936DE22E4FB6800D4D105 /* PropertyRowView.swift in Sources */ = {isa = PBXBuildFile; fileRef = A01936DD22E4FB6800D4D105 /* PropertyRowView.swift */; };
		A020023522DBAC6F0063369C /* AppDelegate.swift in Sources */ = {isa = PBXBuildFile; fileRef = A020023422DBAC6F0063369C /* AppDelegate.swift */; };
		A020023D22DBAC6F0063369C /* Github_Browser.xcdatamodeld in Sources */ = {isa = PBXBuildFile; fileRef = A020023B22DBAC6F0063369C /* Github_Browser.xcdatamodeld */; };
		A020023F22DBAC700063369C /* Assets.xcassets in Resources */ = {isa = PBXBuildFile; fileRef = A020023E22DBAC700063369C /* Assets.xcassets */; };
		A020024222DBAC700063369C /* LaunchScreen.storyboard in Resources */ = {isa = PBXBuildFile; fileRef = A020024022DBAC700063369C /* LaunchScreen.storyboard */; };
		A020024D22DBAC700063369C /* Github_BrowserTests.swift in Sources */ = {isa = PBXBuildFile; fileRef = A020024C22DBAC700063369C /* Github_BrowserTests.swift */; };
		A020025822DBAC700063369C /* Github_BrowserUITests.swift in Sources */ = {isa = PBXBuildFile; fileRef = A020025722DBAC700063369C /* Github_BrowserUITests.swift */; };
		A020026722DBB1780063369C /* RepositoriesBrowserViewController.swift in Sources */ = {isa = PBXBuildFile; fileRef = A020026622DBB1780063369C /* RepositoriesBrowserViewController.swift */; };
		A020026F22DBB2060063369C /* SHLabel.swift in Sources */ = {isa = PBXBuildFile; fileRef = A020026E22DBB2060063369C /* SHLabel.swift */; };
		A020027222DBB22E0063369C /* Fonts.swift in Sources */ = {isa = PBXBuildFile; fileRef = A020027122DBB22E0063369C /* Fonts.swift */; };
		A020027422DBB25D0063369C /* SHTopView.swift in Sources */ = {isa = PBXBuildFile; fileRef = A020027322DBB25D0063369C /* SHTopView.swift */; };
		A020027722DBB4D20063369C /* UIColor_+_init.swift in Sources */ = {isa = PBXBuildFile; fileRef = A020027622DBB4D20063369C /* UIColor_+_init.swift */; };
		A020027922DBB5060063369C /* UIView_+_autolayout_+_bottomBorder.swift in Sources */ = {isa = PBXBuildFile; fileRef = A020027822DBB5060063369C /* UIView_+_autolayout_+_bottomBorder.swift */; };
		A020027B22DBB5350063369C /* UISearchTextfield_+_customization.swift in Sources */ = {isa = PBXBuildFile; fileRef = A020027A22DBB5350063369C /* UISearchTextfield_+_customization.swift */; };
		A020028022DBB6250063369C /* Roboto-Regular.ttf in Resources */ = {isa = PBXBuildFile; fileRef = A020027D22DBB6250063369C /* Roboto-Regular.ttf */; };
		A020028122DBB6250063369C /* Roboto-LightItalic.ttf in Resources */ = {isa = PBXBuildFile; fileRef = A020027E22DBB6250063369C /* Roboto-LightItalic.ttf */; };
		A020028222DBB6250063369C /* Roboto-Bold.ttf in Resources */ = {isa = PBXBuildFile; fileRef = A020027F22DBB6250063369C /* Roboto-Bold.ttf */; };
		A020028622DBDC930063369C /* SHButton.swift in Sources */ = {isa = PBXBuildFile; fileRef = A020028522DBDC930063369C /* SHButton.swift */; };
		A020028822DBDD320063369C /* Protocols.swift in Sources */ = {isa = PBXBuildFile; fileRef = A020028722DBDD320063369C /* Protocols.swift */; };
		A020028A22DC543A0063369C /* UIFont_+_init.swift in Sources */ = {isa = PBXBuildFile; fileRef = A020028922DC543A0063369C /* UIFont_+_init.swift */; };
		A020028C22DC62F10063369C /* CheckBox.swift in Sources */ = {isa = PBXBuildFile; fileRef = A020028B22DC62F10063369C /* CheckBox.swift */; };
		A020028E22DC8E490063369C /* SortOptions.swift in Sources */ = {isa = PBXBuildFile; fileRef = A020028D22DC8E490063369C /* SortOptions.swift */; };
		A020029022DC9E410063369C /* DropDown_+_insets.swift in Sources */ = {isa = PBXBuildFile; fileRef = A020028F22DC9E410063369C /* DropDown_+_insets.swift */; };
		A020029222DCECDD0063369C /* HelveticaNeue-Bold.ttf in Resources */ = {isa = PBXBuildFile; fileRef = A020029122DCECDD0063369C /* HelveticaNeue-Bold.ttf */; };
		A020029422DCED710063369C /* HelveticaNeue-Regular.ttf in Resources */ = {isa = PBXBuildFile; fileRef = A020029322DCED710063369C /* HelveticaNeue-Regular.ttf */; };
		A020029622DCED8F0063369C /* UITableView_+_emptyView.swift in Sources */ = {isa = PBXBuildFile; fileRef = A020029522DCED8F0063369C /* UITableView_+_emptyView.swift */; };
		A020029A22DCF9960063369C /* RepositoriesViewModel.swift in Sources */ = {isa = PBXBuildFile; fileRef = A020029922DCF9960063369C /* RepositoriesViewModel.swift */; };
		A020029C22DCF9D50063369C /* RepositoryViewModel.swift in Sources */ = {isa = PBXBuildFile; fileRef = A020029B22DCF9D50063369C /* RepositoryViewModel.swift */; };
		A02002A922DDBC260063369C /* RawServerResponse.swift in Sources */ = {isa = PBXBuildFile; fileRef = A02002A822DDBC260063369C /* RawServerResponse.swift */; };
		A02002AB22DDBC7D0063369C /* Repository.swift in Sources */ = {isa = PBXBuildFile; fileRef = A02002AA22DDBC7D0063369C /* Repository.swift */; };
		A02002AD22DDBC9D0063369C /* Owner.swift in Sources */ = {isa = PBXBuildFile; fileRef = A02002AC22DDBC9D0063369C /* Owner.swift */; };
		A02002B222DDEA320063369C /* JSONSchemaSupport.swift in Sources */ = {isa = PBXBuildFile; fileRef = A02002B122DDEA320063369C /* JSONSchemaSupport.swift */; };
		A02002B422DE01F40063369C /* QueryBuilder.swift in Sources */ = {isa = PBXBuildFile; fileRef = A02002B322DE01F40063369C /* QueryBuilder.swift */; };
		A02002B622DE05DC0063369C /* SortOrderBuilder.swift in Sources */ = {isa = PBXBuildFile; fileRef = A02002B522DE05DC0063369C /* SortOrderBuilder.swift */; };
		A02002B822DE09170063369C /* InBuilder.swift in Sources */ = {isa = PBXBuildFile; fileRef = A02002B722DE09170063369C /* InBuilder.swift */; };
		A02002C022DE3EA00063369C /* FiltersTableViewCell.swift in Sources */ = {isa = PBXBuildFile; fileRef = A02002BF22DE3EA00063369C /* FiltersTableViewCell.swift */; };
		A02002C422DE77D20063369C /* Languages.plist in Resources */ = {isa = PBXBuildFile; fileRef = A02002C322DE77D20063369C /* Languages.plist */; };
		A02002C622DEFFDC0063369C /* UIImageView_+_maskCircle.swift in Sources */ = {isa = PBXBuildFile; fileRef = A02002C522DEFFDC0063369C /* UIImageView_+_maskCircle.swift */; };
		A02002C822DF04B20063369C /* PlistManager.swift in Sources */ = {isa = PBXBuildFile; fileRef = A02002C722DF04B20063369C /* PlistManager.swift */; };
		A02002CA22DF37C60063369C /* SHSearchTextField.swift in Sources */ = {isa = PBXBuildFile; fileRef = A02002C922DF37C60063369C /* SHSearchTextField.swift */; };
		A02002CC22DF38E70063369C /* UITextField_+_disableAutoTypes.swift in Sources */ = {isa = PBXBuildFile; fileRef = A02002CB22DF38E70063369C /* UITextField_+_disableAutoTypes.swift */; };
		A02002CE22DFB0160063369C /* DataLoader.swift in Sources */ = {isa = PBXBuildFile; fileRef = A02002CD22DFB0160063369C /* DataLoader.swift */; };
		A02002D022DFB03E0063369C /* Endpoint.swift in Sources */ = {isa = PBXBuildFile; fileRef = A02002CF22DFB03E0063369C /* Endpoint.swift */; };
		A02002D422DFC1070063369C /* SHTextField.swift in Sources */ = {isa = PBXBuildFile; fileRef = A02002D322DFC1070063369C /* SHTextField.swift */; };
		A02002D622DFC23C0063369C /* SHCheckBox.swift in Sources */ = {isa = PBXBuildFile; fileRef = A02002D522DFC23C0063369C /* SHCheckBox.swift */; };
		A02002D822DFC4540063369C /* SHMainSearchTextField.swift in Sources */ = {isa = PBXBuildFile; fileRef = A02002D722DFC4540063369C /* SHMainSearchTextField.swift */; };
		A02002DA22E059970063369C /* SortOrder.plist in Resources */ = {isa = PBXBuildFile; fileRef = A02002D922E059970063369C /* SortOrder.plist */; };
		DBE0EB5337F9063B56373412 /* Pods_Github_BrowserTests.framework in Frameworks */ = {isa = PBXBuildFile; fileRef = 8637AF42C944CC2601D8398F /* Pods_Github_BrowserTests.framework */; };
		EF42B5E54FA8B304ECEDF256 /* Pods_Github_BrowserUITests.framework in Frameworks */ = {isa = PBXBuildFile; fileRef = 6831333EF04F715B07A7C1FA /* Pods_Github_BrowserUITests.framework */; };
/* End PBXBuildFile section */

/* Begin PBXContainerItemProxy section */
		A020024922DBAC700063369C /* PBXContainerItemProxy */ = {
			isa = PBXContainerItemProxy;
			containerPortal = A020022922DBAC6E0063369C /* Project object */;
			proxyType = 1;
			remoteGlobalIDString = A020023022DBAC6F0063369C;
			remoteInfo = "Github-Browser";
		};
		A020025422DBAC700063369C /* PBXContainerItemProxy */ = {
			isa = PBXContainerItemProxy;
			containerPortal = A020022922DBAC6E0063369C /* Project object */;
			proxyType = 1;
			remoteGlobalIDString = A020023022DBAC6F0063369C;
			remoteInfo = "Github-Browser";
		};
/* End PBXContainerItemProxy section */

/* Begin PBXFileReference section */
		24024DA439C38935BC17D02B /* Pods-Github-BrowserTests.release.xcconfig */ = {isa = PBXFileReference; includeInIndex = 1; lastKnownFileType = text.xcconfig; name = "Pods-Github-BrowserTests.release.xcconfig"; path = "Target Support Files/Pods-Github-BrowserTests/Pods-Github-BrowserTests.release.xcconfig"; sourceTree = "<group>"; };
		5DFDC244976054DAF6DD89FF /* Pods-Github-Browser.debug.xcconfig */ = {isa = PBXFileReference; includeInIndex = 1; lastKnownFileType = text.xcconfig; name = "Pods-Github-Browser.debug.xcconfig"; path = "Target Support Files/Pods-Github-Browser/Pods-Github-Browser.debug.xcconfig"; sourceTree = "<group>"; };
		6831333EF04F715B07A7C1FA /* Pods_Github_BrowserUITests.framework */ = {isa = PBXFileReference; explicitFileType = wrapper.framework; includeInIndex = 0; path = Pods_Github_BrowserUITests.framework; sourceTree = BUILT_PRODUCTS_DIR; };
		8637AF42C944CC2601D8398F /* Pods_Github_BrowserTests.framework */ = {isa = PBXFileReference; explicitFileType = wrapper.framework; includeInIndex = 0; path = Pods_Github_BrowserTests.framework; sourceTree = BUILT_PRODUCTS_DIR; };
		9E8C71EAD9B91D6ACF03631F /* Pods-Github-BrowserUITests.debug.xcconfig */ = {isa = PBXFileReference; includeInIndex = 1; lastKnownFileType = text.xcconfig; name = "Pods-Github-BrowserUITests.debug.xcconfig"; path = "Target Support Files/Pods-Github-BrowserUITests/Pods-Github-BrowserUITests.debug.xcconfig"; sourceTree = "<group>"; };
		A01936D122E23AA900D4D105 /* License.swift */ = {isa = PBXFileReference; lastKnownFileType = sourcecode.swift; path = License.swift; sourceTree = "<group>"; };
		A01936D322E3516800D4D105 /* RepositoryTableViewCell.swift */ = {isa = PBXFileReference; fileEncoding = 4; lastKnownFileType = sourcecode.swift; path = RepositoryTableViewCell.swift; sourceTree = "<group>"; };
		A01936D522E3A3B700D4D105 /* SHPaddingLabel.swift */ = {isa = PBXFileReference; lastKnownFileType = sourcecode.swift; path = SHPaddingLabel.swift; sourceTree = "<group>"; };
		A01936D822E4F36A00D4D105 /* SingleRepositoryViewController.swift */ = {isa = PBXFileReference; lastKnownFileType = sourcecode.swift; path = SingleRepositoryViewController.swift; sourceTree = "<group>"; };
		A01936DB22E4F61100D4D105 /* SingleRepositoryView.swift */ = {isa = PBXFileReference; lastKnownFileType = sourcecode.swift; path = SingleRepositoryView.swift; sourceTree = "<group>"; };
		A01936DD22E4FB6800D4D105 /* PropertyRowView.swift */ = {isa = PBXFileReference; lastKnownFileType = sourcecode.swift; path = PropertyRowView.swift; sourceTree = "<group>"; };
		A020023122DBAC6F0063369C /* Github-Browser.app */ = {isa = PBXFileReference; explicitFileType = wrapper.application; includeInIndex = 0; path = "Github-Browser.app"; sourceTree = BUILT_PRODUCTS_DIR; };
		A020023422DBAC6F0063369C /* AppDelegate.swift */ = {isa = PBXFileReference; lastKnownFileType = sourcecode.swift; path = AppDelegate.swift; sourceTree = "<group>"; };
		A020023C22DBAC6F0063369C /* Github_Browser.xcdatamodel */ = {isa = PBXFileReference; lastKnownFileType = wrapper.xcdatamodel; path = Github_Browser.xcdatamodel; sourceTree = "<group>"; };
		A020023E22DBAC700063369C /* Assets.xcassets */ = {isa = PBXFileReference; lastKnownFileType = folder.assetcatalog; path = Assets.xcassets; sourceTree = "<group>"; };
		A020024122DBAC700063369C /* Base */ = {isa = PBXFileReference; lastKnownFileType = file.storyboard; name = Base; path = Base.lproj/LaunchScreen.storyboard; sourceTree = "<group>"; };
		A020024322DBAC700063369C /* Info.plist */ = {isa = PBXFileReference; lastKnownFileType = text.plist.xml; path = Info.plist; sourceTree = "<group>"; };
		A020024822DBAC700063369C /* Github-BrowserTests.xctest */ = {isa = PBXFileReference; explicitFileType = wrapper.cfbundle; includeInIndex = 0; path = "Github-BrowserTests.xctest"; sourceTree = BUILT_PRODUCTS_DIR; };
		A020024C22DBAC700063369C /* Github_BrowserTests.swift */ = {isa = PBXFileReference; lastKnownFileType = sourcecode.swift; path = Github_BrowserTests.swift; sourceTree = "<group>"; };
		A020024E22DBAC700063369C /* Info.plist */ = {isa = PBXFileReference; lastKnownFileType = text.plist.xml; path = Info.plist; sourceTree = "<group>"; };
		A020025322DBAC700063369C /* Github-BrowserUITests.xctest */ = {isa = PBXFileReference; explicitFileType = wrapper.cfbundle; includeInIndex = 0; path = "Github-BrowserUITests.xctest"; sourceTree = BUILT_PRODUCTS_DIR; };
		A020025722DBAC700063369C /* Github_BrowserUITests.swift */ = {isa = PBXFileReference; lastKnownFileType = sourcecode.swift; path = Github_BrowserUITests.swift; sourceTree = "<group>"; };
		A020025922DBAC700063369C /* Info.plist */ = {isa = PBXFileReference; lastKnownFileType = text.plist.xml; path = Info.plist; sourceTree = "<group>"; };
		A020026622DBB1780063369C /* RepositoriesBrowserViewController.swift */ = {isa = PBXFileReference; lastKnownFileType = sourcecode.swift; path = RepositoriesBrowserViewController.swift; sourceTree = "<group>"; };
		A020026E22DBB2060063369C /* SHLabel.swift */ = {isa = PBXFileReference; lastKnownFileType = sourcecode.swift; path = SHLabel.swift; sourceTree = "<group>"; };
		A020027122DBB22E0063369C /* Fonts.swift */ = {isa = PBXFileReference; lastKnownFileType = sourcecode.swift; path = Fonts.swift; sourceTree = "<group>"; };
		A020027322DBB25D0063369C /* SHTopView.swift */ = {isa = PBXFileReference; lastKnownFileType = sourcecode.swift; path = SHTopView.swift; sourceTree = "<group>"; };
		A020027622DBB4D20063369C /* UIColor_+_init.swift */ = {isa = PBXFileReference; lastKnownFileType = sourcecode.swift; path = "UIColor_+_init.swift"; sourceTree = "<group>"; };
		A020027822DBB5060063369C /* UIView_+_autolayout_+_bottomBorder.swift */ = {isa = PBXFileReference; lastKnownFileType = sourcecode.swift; path = "UIView_+_autolayout_+_bottomBorder.swift"; sourceTree = "<group>"; };
		A020027A22DBB5350063369C /* UISearchTextfield_+_customization.swift */ = {isa = PBXFileReference; lastKnownFileType = sourcecode.swift; path = "UISearchTextfield_+_customization.swift"; sourceTree = "<group>"; };
		A020027D22DBB6250063369C /* Roboto-Regular.ttf */ = {isa = PBXFileReference; lastKnownFileType = file; path = "Roboto-Regular.ttf"; sourceTree = "<group>"; };
		A020027E22DBB6250063369C /* Roboto-LightItalic.ttf */ = {isa = PBXFileReference; lastKnownFileType = file; path = "Roboto-LightItalic.ttf"; sourceTree = "<group>"; };
		A020027F22DBB6250063369C /* Roboto-Bold.ttf */ = {isa = PBXFileReference; lastKnownFileType = file; path = "Roboto-Bold.ttf"; sourceTree = "<group>"; };
		A020028522DBDC930063369C /* SHButton.swift */ = {isa = PBXFileReference; lastKnownFileType = sourcecode.swift; path = SHButton.swift; sourceTree = "<group>"; };
		A020028722DBDD320063369C /* Protocols.swift */ = {isa = PBXFileReference; lastKnownFileType = sourcecode.swift; path = Protocols.swift; sourceTree = "<group>"; };
		A020028922DC543A0063369C /* UIFont_+_init.swift */ = {isa = PBXFileReference; lastKnownFileType = sourcecode.swift; path = "UIFont_+_init.swift"; sourceTree = "<group>"; };
		A020028B22DC62F10063369C /* CheckBox.swift */ = {isa = PBXFileReference; lastKnownFileType = sourcecode.swift; path = CheckBox.swift; sourceTree = "<group>"; };
		A020028D22DC8E490063369C /* SortOptions.swift */ = {isa = PBXFileReference; lastKnownFileType = sourcecode.swift; path = SortOptions.swift; sourceTree = "<group>"; };
		A020028F22DC9E410063369C /* DropDown_+_insets.swift */ = {isa = PBXFileReference; lastKnownFileType = sourcecode.swift; path = "DropDown_+_insets.swift"; sourceTree = "<group>"; };
		A020029122DCECDD0063369C /* HelveticaNeue-Bold.ttf */ = {isa = PBXFileReference; lastKnownFileType = file; name = "HelveticaNeue-Bold.ttf"; path = "../../../Downloads/HelveticaNeue-Bold.ttf"; sourceTree = "<group>"; };
		A020029322DCED710063369C /* HelveticaNeue-Regular.ttf */ = {isa = PBXFileReference; lastKnownFileType = file; name = "HelveticaNeue-Regular.ttf"; path = "../../../Downloads/HelveticaNeue-Regular.ttf"; sourceTree = "<group>"; };
		A020029522DCED8F0063369C /* UITableView_+_emptyView.swift */ = {isa = PBXFileReference; lastKnownFileType = sourcecode.swift; path = "UITableView_+_emptyView.swift"; sourceTree = "<group>"; };
		A020029922DCF9960063369C /* RepositoriesViewModel.swift */ = {isa = PBXFileReference; lastKnownFileType = sourcecode.swift; path = RepositoriesViewModel.swift; sourceTree = "<group>"; };
		A020029B22DCF9D50063369C /* RepositoryViewModel.swift */ = {isa = PBXFileReference; lastKnownFileType = sourcecode.swift; path = RepositoryViewModel.swift; sourceTree = "<group>"; };
		A02002A822DDBC260063369C /* RawServerResponse.swift */ = {isa = PBXFileReference; lastKnownFileType = sourcecode.swift; path = RawServerResponse.swift; sourceTree = "<group>"; };
		A02002AA22DDBC7D0063369C /* Repository.swift */ = {isa = PBXFileReference; lastKnownFileType = sourcecode.swift; path = Repository.swift; sourceTree = "<group>"; };
		A02002AC22DDBC9D0063369C /* Owner.swift */ = {isa = PBXFileReference; lastKnownFileType = sourcecode.swift; path = Owner.swift; sourceTree = "<group>"; };
		A02002B122DDEA320063369C /* JSONSchemaSupport.swift */ = {isa = PBXFileReference; lastKnownFileType = sourcecode.swift; path = JSONSchemaSupport.swift; sourceTree = "<group>"; };
		A02002B322DE01F40063369C /* QueryBuilder.swift */ = {isa = PBXFileReference; lastKnownFileType = sourcecode.swift; path = QueryBuilder.swift; sourceTree = "<group>"; };
		A02002B522DE05DC0063369C /* SortOrderBuilder.swift */ = {isa = PBXFileReference; lastKnownFileType = sourcecode.swift; path = SortOrderBuilder.swift; sourceTree = "<group>"; };
		A02002B722DE09170063369C /* InBuilder.swift */ = {isa = PBXFileReference; lastKnownFileType = sourcecode.swift; path = InBuilder.swift; sourceTree = "<group>"; };
		A02002BF22DE3EA00063369C /* FiltersTableViewCell.swift */ = {isa = PBXFileReference; lastKnownFileType = sourcecode.swift; path = FiltersTableViewCell.swift; sourceTree = "<group>"; };
		A02002C322DE77D20063369C /* Languages.plist */ = {isa = PBXFileReference; lastKnownFileType = text.plist.xml; path = Languages.plist; sourceTree = "<group>"; };
		A02002C522DEFFDC0063369C /* UIImageView_+_maskCircle.swift */ = {isa = PBXFileReference; lastKnownFileType = sourcecode.swift; path = "UIImageView_+_maskCircle.swift"; sourceTree = "<group>"; };
		A02002C722DF04B20063369C /* PlistManager.swift */ = {isa = PBXFileReference; lastKnownFileType = sourcecode.swift; path = PlistManager.swift; sourceTree = "<group>"; };
		A02002C922DF37C60063369C /* SHSearchTextField.swift */ = {isa = PBXFileReference; lastKnownFileType = sourcecode.swift; path = SHSearchTextField.swift; sourceTree = "<group>"; };
		A02002CB22DF38E70063369C /* UITextField_+_disableAutoTypes.swift */ = {isa = PBXFileReference; lastKnownFileType = sourcecode.swift; path = "UITextField_+_disableAutoTypes.swift"; sourceTree = "<group>"; };
		A02002CD22DFB0160063369C /* DataLoader.swift */ = {isa = PBXFileReference; lastKnownFileType = sourcecode.swift; path = DataLoader.swift; sourceTree = "<group>"; };
		A02002CF22DFB03E0063369C /* Endpoint.swift */ = {isa = PBXFileReference; lastKnownFileType = sourcecode.swift; path = Endpoint.swift; sourceTree = "<group>"; };
		A02002D322DFC1070063369C /* SHTextField.swift */ = {isa = PBXFileReference; lastKnownFileType = sourcecode.swift; path = SHTextField.swift; sourceTree = "<group>"; };
		A02002D522DFC23C0063369C /* SHCheckBox.swift */ = {isa = PBXFileReference; lastKnownFileType = sourcecode.swift; path = SHCheckBox.swift; sourceTree = "<group>"; };
		A02002D722DFC4540063369C /* SHMainSearchTextField.swift */ = {isa = PBXFileReference; lastKnownFileType = sourcecode.swift; path = SHMainSearchTextField.swift; sourceTree = "<group>"; };
		A02002D922E059970063369C /* SortOrder.plist */ = {isa = PBXFileReference; lastKnownFileType = text.plist.xml; path = SortOrder.plist; sourceTree = "<group>"; };
		B41AB0C80CEBA83F59FEB689 /* Pods-Github-BrowserTests.debug.xcconfig */ = {isa = PBXFileReference; includeInIndex = 1; lastKnownFileType = text.xcconfig; name = "Pods-Github-BrowserTests.debug.xcconfig"; path = "Target Support Files/Pods-Github-BrowserTests/Pods-Github-BrowserTests.debug.xcconfig"; sourceTree = "<group>"; };
		CDF69ADE09F1691366F72C00 /* Pods-Github-Browser.release.xcconfig */ = {isa = PBXFileReference; includeInIndex = 1; lastKnownFileType = text.xcconfig; name = "Pods-Github-Browser.release.xcconfig"; path = "Target Support Files/Pods-Github-Browser/Pods-Github-Browser.release.xcconfig"; sourceTree = "<group>"; };
		D7D537EB6F9B3460633513CB /* Pods-Github-BrowserUITests.release.xcconfig */ = {isa = PBXFileReference; includeInIndex = 1; lastKnownFileType = text.xcconfig; name = "Pods-Github-BrowserUITests.release.xcconfig"; path = "Target Support Files/Pods-Github-BrowserUITests/Pods-Github-BrowserUITests.release.xcconfig"; sourceTree = "<group>"; };
		F148CD0BCFF5467E32D146A4 /* Pods_Github_Browser.framework */ = {isa = PBXFileReference; explicitFileType = wrapper.framework; includeInIndex = 0; path = Pods_Github_Browser.framework; sourceTree = BUILT_PRODUCTS_DIR; };
/* End PBXFileReference section */

/* Begin PBXFrameworksBuildPhase section */
		A020022E22DBAC6F0063369C /* Frameworks */ = {
			isa = PBXFrameworksBuildPhase;
			buildActionMask = 2147483647;
			files = (
				2E1FB8A1ADAED5C5FA7F34E2 /* Pods_Github_Browser.framework in Frameworks */,
			);
			runOnlyForDeploymentPostprocessing = 0;
		};
		A020024522DBAC700063369C /* Frameworks */ = {
			isa = PBXFrameworksBuildPhase;
			buildActionMask = 2147483647;
			files = (
				DBE0EB5337F9063B56373412 /* Pods_Github_BrowserTests.framework in Frameworks */,
			);
			runOnlyForDeploymentPostprocessing = 0;
		};
		A020025022DBAC700063369C /* Frameworks */ = {
			isa = PBXFrameworksBuildPhase;
			buildActionMask = 2147483647;
			files = (
				EF42B5E54FA8B304ECEDF256 /* Pods_Github_BrowserUITests.framework in Frameworks */,
			);
			runOnlyForDeploymentPostprocessing = 0;
		};
/* End PBXFrameworksBuildPhase section */

/* Begin PBXGroup section */
		3F35620463418B1B6F14FE8F /* Pods */ = {
			isa = PBXGroup;
			children = (
				5DFDC244976054DAF6DD89FF /* Pods-Github-Browser.debug.xcconfig */,
				CDF69ADE09F1691366F72C00 /* Pods-Github-Browser.release.xcconfig */,
				B41AB0C80CEBA83F59FEB689 /* Pods-Github-BrowserTests.debug.xcconfig */,
				24024DA439C38935BC17D02B /* Pods-Github-BrowserTests.release.xcconfig */,
				9E8C71EAD9B91D6ACF03631F /* Pods-Github-BrowserUITests.debug.xcconfig */,
				D7D537EB6F9B3460633513CB /* Pods-Github-BrowserUITests.release.xcconfig */,
			);
			path = Pods;
			sourceTree = "<group>";
		};
		9D15111064985A7D2CFE8FD9 /* Frameworks */ = {
			isa = PBXGroup;
			children = (
				F148CD0BCFF5467E32D146A4 /* Pods_Github_Browser.framework */,
				8637AF42C944CC2601D8398F /* Pods_Github_BrowserTests.framework */,
				6831333EF04F715B07A7C1FA /* Pods_Github_BrowserUITests.framework */,
			);
			name = Frameworks;
			sourceTree = "<group>";
		};
		A01936D722E4F32E00D4D105 /* SingleRepositoryViewer */ = {
			isa = PBXGroup;
			children = (
				A01936DA22E4F5FA00D4D105 /* View */,
				A01936D822E4F36A00D4D105 /* SingleRepositoryViewController.swift */,
			);
			path = SingleRepositoryViewer;
			sourceTree = "<group>";
		};
		A01936DA22E4F5FA00D4D105 /* View */ = {
			isa = PBXGroup;
			children = (
				A01936DB22E4F61100D4D105 /* SingleRepositoryView.swift */,
				A01936DD22E4FB6800D4D105 /* PropertyRowView.swift */,
			);
			path = View;
			sourceTree = "<group>";
		};
		A020022822DBAC6E0063369C = {
			isa = PBXGroup;
			children = (
				A020023322DBAC6F0063369C /* Github-Browser */,
				A020024B22DBAC700063369C /* Github-BrowserTests */,
				A020025622DBAC700063369C /* Github-BrowserUITests */,
				A020023222DBAC6F0063369C /* Products */,
				3F35620463418B1B6F14FE8F /* Pods */,
				9D15111064985A7D2CFE8FD9 /* Frameworks */,
			);
			sourceTree = "<group>";
		};
		A020023222DBAC6F0063369C /* Products */ = {
			isa = PBXGroup;
			children = (
				A020023122DBAC6F0063369C /* Github-Browser.app */,
				A020024822DBAC700063369C /* Github-BrowserTests.xctest */,
				A020025322DBAC700063369C /* Github-BrowserUITests.xctest */,
			);
			name = Products;
			sourceTree = "<group>";
		};
		A020023322DBAC6F0063369C /* Github-Browser */ = {
			isa = PBXGroup;
			children = (
				A020028722DBDD320063369C /* Protocols.swift */,
				A020027522DBB4AF0063369C /* Extensions */,
				A020027C22DBB6250063369C /* Fonts */,
				A02002B022DDEA0D0063369C /* Helpers */,
				A02002A622DDBC030063369C /* Model */,
				A020027022DBB2230063369C /* View */,
				A020026522DBB1420063369C /* RepositoriesBrowser */,
				A01936D722E4F32E00D4D105 /* SingleRepositoryViewer */,
				A020023422DBAC6F0063369C /* AppDelegate.swift */,
				A020024322DBAC700063369C /* Info.plist */,
				A020023E22DBAC700063369C /* Assets.xcassets */,
				A020024022DBAC700063369C /* LaunchScreen.storyboard */,
				A02002C322DE77D20063369C /* Languages.plist */,
				A02002D922E059970063369C /* SortOrder.plist */,
				A020023B22DBAC6F0063369C /* Github_Browser.xcdatamodeld */,
			);
			path = "Github-Browser";
			sourceTree = "<group>";
		};
		A020024B22DBAC700063369C /* Github-BrowserTests */ = {
			isa = PBXGroup;
			children = (
				A020024C22DBAC700063369C /* Github_BrowserTests.swift */,
				A020024E22DBAC700063369C /* Info.plist */,
			);
			path = "Github-BrowserTests";
			sourceTree = "<group>";
		};
		A020025622DBAC700063369C /* Github-BrowserUITests */ = {
			isa = PBXGroup;
			children = (
				A020025722DBAC700063369C /* Github_BrowserUITests.swift */,
				A020025922DBAC700063369C /* Info.plist */,
			);
			path = "Github-BrowserUITests";
			sourceTree = "<group>";
		};
		A020026522DBB1420063369C /* RepositoriesBrowser */ = {
			isa = PBXGroup;
			children = (
				A02002A122DD22540063369C /* Services */,
				A020026A22DBB1B20063369C /* ViewModel */,
				A020026822DBB1A60063369C /* View */,
				A020026622DBB1780063369C /* RepositoriesBrowserViewController.swift */,
			);
			path = RepositoriesBrowser;
			sourceTree = "<group>";
		};
		A020026822DBB1A60063369C /* View */ = {
			isa = PBXGroup;
			children = (
				A01936D322E3516800D4D105 /* RepositoryTableViewCell.swift */,
				A020027322DBB25D0063369C /* SHTopView.swift */,
				A02002BF22DE3EA00063369C /* FiltersTableViewCell.swift */,
			);
			path = View;
			sourceTree = "<group>";
		};
		A020026A22DBB1B20063369C /* ViewModel */ = {
			isa = PBXGroup;
			children = (
				A020029922DCF9960063369C /* RepositoriesViewModel.swift */,
				A020029B22DCF9D50063369C /* RepositoryViewModel.swift */,
			);
			path = ViewModel;
			sourceTree = "<group>";
		};
		A020027022DBB2230063369C /* View */ = {
			isa = PBXGroup;
			children = (
				A020027122DBB22E0063369C /* Fonts.swift */,
				A020026E22DBB2060063369C /* SHLabel.swift */,
				A020028522DBDC930063369C /* SHButton.swift */,
				A020028B22DC62F10063369C /* CheckBox.swift */,
				A020028D22DC8E490063369C /* SortOptions.swift */,
				A02002C922DF37C60063369C /* SHSearchTextField.swift */,
				A02002D322DFC1070063369C /* SHTextField.swift */,
				A02002D522DFC23C0063369C /* SHCheckBox.swift */,
				A02002D722DFC4540063369C /* SHMainSearchTextField.swift */,
				A01936D522E3A3B700D4D105 /* SHPaddingLabel.swift */,
			);
			path = View;
			sourceTree = "<group>";
		};
		A020027522DBB4AF0063369C /* Extensions */ = {
			isa = PBXGroup;
			children = (
				A020028F22DC9E410063369C /* DropDown_+_insets.swift */,
				A020027622DBB4D20063369C /* UIColor_+_init.swift */,
				A020028922DC543A0063369C /* UIFont_+_init.swift */,
				A02002C522DEFFDC0063369C /* UIImageView_+_maskCircle.swift */,
				A020027822DBB5060063369C /* UIView_+_autolayout_+_bottomBorder.swift */,
				A020027A22DBB5350063369C /* UISearchTextfield_+_customization.swift */,
				A020029522DCED8F0063369C /* UITableView_+_emptyView.swift */,
				A02002CB22DF38E70063369C /* UITextField_+_disableAutoTypes.swift */,
			);
			path = Extensions;
			sourceTree = "<group>";
		};
		A020027C22DBB6250063369C /* Fonts */ = {
			isa = PBXGroup;
			children = (
				A020029322DCED710063369C /* HelveticaNeue-Regular.ttf */,
				A020029122DCECDD0063369C /* HelveticaNeue-Bold.ttf */,
				A020027D22DBB6250063369C /* Roboto-Regular.ttf */,
				A020027E22DBB6250063369C /* Roboto-LightItalic.ttf */,
				A020027F22DBB6250063369C /* Roboto-Bold.ttf */,
			);
			path = Fonts;
			sourceTree = "<group>";
		};
		A02002A122DD22540063369C /* Services */ = {
			isa = PBXGroup;
			children = (
				A02002CD22DFB0160063369C /* DataLoader.swift */,
			);
			path = Services;
			sourceTree = "<group>";
		};
		A02002A622DDBC030063369C /* Model */ = {
			isa = PBXGroup;
			children = (
				A02002A822DDBC260063369C /* RawServerResponse.swift */,
				A02002AA22DDBC7D0063369C /* Repository.swift */,
				A02002AC22DDBC9D0063369C /* Owner.swift */,
				A01936D122E23AA900D4D105 /* License.swift */,
			);
			path = Model;
			sourceTree = "<group>";
		};
		A02002B022DDEA0D0063369C /* Helpers */ = {
			isa = PBXGroup;
			children = (
				A02002CF22DFB03E0063369C /* Endpoint.swift */,
				A02002B122DDEA320063369C /* JSONSchemaSupport.swift */,
				A02002B322DE01F40063369C /* QueryBuilder.swift */,
				A02002B522DE05DC0063369C /* SortOrderBuilder.swift */,
				A02002B722DE09170063369C /* InBuilder.swift */,
				A02002C722DF04B20063369C /* PlistManager.swift */,
			);
			path = Helpers;
			sourceTree = "<group>";
		};
/* End PBXGroup section */

/* Begin PBXNativeTarget section */
		A020023022DBAC6F0063369C /* Github-Browser */ = {
			isa = PBXNativeTarget;
			buildConfigurationList = A020025C22DBAC700063369C /* Build configuration list for PBXNativeTarget "Github-Browser" */;
			buildPhases = (
				C230D8F8CF43D4D2B0E2599F /* [CP] Check Pods Manifest.lock */,
				A020022D22DBAC6F0063369C /* Sources */,
				A020022E22DBAC6F0063369C /* Frameworks */,
				A020022F22DBAC6F0063369C /* Resources */,
				2E0553046A6E305BF3D3EF1B /* [CP] Embed Pods Frameworks */,
			);
			buildRules = (
			);
			dependencies = (
			);
			name = "Github-Browser";
			productName = "Github-Browser";
			productReference = A020023122DBAC6F0063369C /* Github-Browser.app */;
			productType = "com.apple.product-type.application";
		};
		A020024722DBAC700063369C /* Github-BrowserTests */ = {
			isa = PBXNativeTarget;
			buildConfigurationList = A020025F22DBAC700063369C /* Build configuration list for PBXNativeTarget "Github-BrowserTests" */;
			buildPhases = (
				121C882C0203DBAD9B6EC069 /* [CP] Check Pods Manifest.lock */,
				A020024422DBAC700063369C /* Sources */,
				A020024522DBAC700063369C /* Frameworks */,
				A020024622DBAC700063369C /* Resources */,
			);
			buildRules = (
			);
			dependencies = (
				A020024A22DBAC700063369C /* PBXTargetDependency */,
			);
			name = "Github-BrowserTests";
			productName = "Github-BrowserTests";
			productReference = A020024822DBAC700063369C /* Github-BrowserTests.xctest */;
			productType = "com.apple.product-type.bundle.unit-test";
		};
		A020025222DBAC700063369C /* Github-BrowserUITests */ = {
			isa = PBXNativeTarget;
			buildConfigurationList = A020026222DBAC700063369C /* Build configuration list for PBXNativeTarget "Github-BrowserUITests" */;
			buildPhases = (
				5CFA8E86B67BD5E192C34051 /* [CP] Check Pods Manifest.lock */,
				A020024F22DBAC700063369C /* Sources */,
				A020025022DBAC700063369C /* Frameworks */,
				A020025122DBAC700063369C /* Resources */,
			);
			buildRules = (
			);
			dependencies = (
				A020025522DBAC700063369C /* PBXTargetDependency */,
			);
			name = "Github-BrowserUITests";
			productName = "Github-BrowserUITests";
			productReference = A020025322DBAC700063369C /* Github-BrowserUITests.xctest */;
			productType = "com.apple.product-type.bundle.ui-testing";
		};
/* End PBXNativeTarget section */

/* Begin PBXProject section */
		A020022922DBAC6E0063369C /* Project object */ = {
			isa = PBXProject;
			attributes = {
				LastSwiftUpdateCheck = 1020;
				LastUpgradeCheck = 1020;
				ORGANIZATIONNAME = "Hanzel, Szymon";
				TargetAttributes = {
					A020023022DBAC6F0063369C = {
						CreatedOnToolsVersion = 10.2.1;
					};
					A020024722DBAC700063369C = {
						CreatedOnToolsVersion = 10.2.1;
						TestTargetID = A020023022DBAC6F0063369C;
					};
					A020025222DBAC700063369C = {
						CreatedOnToolsVersion = 10.2.1;
						TestTargetID = A020023022DBAC6F0063369C;
					};
				};
			};
			buildConfigurationList = A020022C22DBAC6E0063369C /* Build configuration list for PBXProject "Github-Browser" */;
			compatibilityVersion = "Xcode 9.3";
			developmentRegion = en;
			hasScannedForEncodings = 0;
			knownRegions = (
				en,
				Base,
			);
			mainGroup = A020022822DBAC6E0063369C;
			productRefGroup = A020023222DBAC6F0063369C /* Products */;
			projectDirPath = "";
			projectRoot = "";
			targets = (
				A020023022DBAC6F0063369C /* Github-Browser */,
				A020024722DBAC700063369C /* Github-BrowserTests */,
				A020025222DBAC700063369C /* Github-BrowserUITests */,
			);
		};
/* End PBXProject section */

/* Begin PBXResourcesBuildPhase section */
		A020022F22DBAC6F0063369C /* Resources */ = {
			isa = PBXResourcesBuildPhase;
			buildActionMask = 2147483647;
			files = (
				A02002C422DE77D20063369C /* Languages.plist in Resources */,
				A020024222DBAC700063369C /* LaunchScreen.storyboard in Resources */,
				A020023F22DBAC700063369C /* Assets.xcassets in Resources */,
				A020029222DCECDD0063369C /* HelveticaNeue-Bold.ttf in Resources */,
				A020028222DBB6250063369C /* Roboto-Bold.ttf in Resources */,
				A02002DA22E059970063369C /* SortOrder.plist in Resources */,
				A020028122DBB6250063369C /* Roboto-LightItalic.ttf in Resources */,
				A020028022DBB6250063369C /* Roboto-Regular.ttf in Resources */,
				A020029422DCED710063369C /* HelveticaNeue-Regular.ttf in Resources */,
			);
			runOnlyForDeploymentPostprocessing = 0;
		};
		A020024622DBAC700063369C /* Resources */ = {
			isa = PBXResourcesBuildPhase;
			buildActionMask = 2147483647;
			files = (
			);
			runOnlyForDeploymentPostprocessing = 0;
		};
		A020025122DBAC700063369C /* Resources */ = {
			isa = PBXResourcesBuildPhase;
			buildActionMask = 2147483647;
			files = (
			);
			runOnlyForDeploymentPostprocessing = 0;
		};
/* End PBXResourcesBuildPhase section */

/* Begin PBXShellScriptBuildPhase section */
		121C882C0203DBAD9B6EC069 /* [CP] Check Pods Manifest.lock */ = {
			isa = PBXShellScriptBuildPhase;
			buildActionMask = 2147483647;
			files = (
			);
			inputFileListPaths = (
			);
			inputPaths = (
				"${PODS_PODFILE_DIR_PATH}/Podfile.lock",
				"${PODS_ROOT}/Manifest.lock",
			);
			name = "[CP] Check Pods Manifest.lock";
			outputFileListPaths = (
			);
			outputPaths = (
				"$(DERIVED_FILE_DIR)/Pods-Github-BrowserTests-checkManifestLockResult.txt",
			);
			runOnlyForDeploymentPostprocessing = 0;
			shellPath = /bin/sh;
			shellScript = "diff \"${PODS_PODFILE_DIR_PATH}/Podfile.lock\" \"${PODS_ROOT}/Manifest.lock\" > /dev/null\nif [ $? != 0 ] ; then\n    # print error to STDERR\n    echo \"error: The sandbox is not in sync with the Podfile.lock. Run 'pod install' or update your CocoaPods installation.\" >&2\n    exit 1\nfi\n# This output is used by Xcode 'outputs' to avoid re-running this script phase.\necho \"SUCCESS\" > \"${SCRIPT_OUTPUT_FILE_0}\"\n";
			showEnvVarsInLog = 0;
		};
		2E0553046A6E305BF3D3EF1B /* [CP] Embed Pods Frameworks */ = {
			isa = PBXShellScriptBuildPhase;
			buildActionMask = 2147483647;
			files = (
			);
			inputFileListPaths = (
			);
			inputPaths = (
				"${PODS_ROOT}/Target Support Files/Pods-Github-Browser/Pods-Github-Browser-frameworks.sh",
				"${BUILT_PRODUCTS_DIR}/DynamicButton/DynamicButton.framework",
				"${BUILT_PRODUCTS_DIR}/MKProgress/MKProgress.framework",
				"${BUILT_PRODUCTS_DIR}/Promis/Promis.framework",
				"${BUILT_PRODUCTS_DIR}/SearchTextField/SearchTextField.framework",
				"${BUILT_PRODUCTS_DIR}/SnapKit/SnapKit.framework",
				"${BUILT_PRODUCTS_DIR}/iOSDropDown/iOSDropDown.framework",
			);
			name = "[CP] Embed Pods Frameworks";
			outputFileListPaths = (
			);
			outputPaths = (
				"${TARGET_BUILD_DIR}/${FRAMEWORKS_FOLDER_PATH}/DynamicButton.framework",
				"${TARGET_BUILD_DIR}/${FRAMEWORKS_FOLDER_PATH}/MKProgress.framework",
				"${TARGET_BUILD_DIR}/${FRAMEWORKS_FOLDER_PATH}/Promis.framework",
				"${TARGET_BUILD_DIR}/${FRAMEWORKS_FOLDER_PATH}/SearchTextField.framework",
				"${TARGET_BUILD_DIR}/${FRAMEWORKS_FOLDER_PATH}/SnapKit.framework",
				"${TARGET_BUILD_DIR}/${FRAMEWORKS_FOLDER_PATH}/iOSDropDown.framework",
			);
			runOnlyForDeploymentPostprocessing = 0;
			shellPath = /bin/sh;
			shellScript = "\"${PODS_ROOT}/Target Support Files/Pods-Github-Browser/Pods-Github-Browser-frameworks.sh\"\n";
			showEnvVarsInLog = 0;
		};
		5CFA8E86B67BD5E192C34051 /* [CP] Check Pods Manifest.lock */ = {
			isa = PBXShellScriptBuildPhase;
			buildActionMask = 2147483647;
			files = (
			);
			inputFileListPaths = (
			);
			inputPaths = (
				"${PODS_PODFILE_DIR_PATH}/Podfile.lock",
				"${PODS_ROOT}/Manifest.lock",
			);
			name = "[CP] Check Pods Manifest.lock";
			outputFileListPaths = (
			);
			outputPaths = (
				"$(DERIVED_FILE_DIR)/Pods-Github-BrowserUITests-checkManifestLockResult.txt",
			);
			runOnlyForDeploymentPostprocessing = 0;
			shellPath = /bin/sh;
			shellScript = "diff \"${PODS_PODFILE_DIR_PATH}/Podfile.lock\" \"${PODS_ROOT}/Manifest.lock\" > /dev/null\nif [ $? != 0 ] ; then\n    # print error to STDERR\n    echo \"error: The sandbox is not in sync with the Podfile.lock. Run 'pod install' or update your CocoaPods installation.\" >&2\n    exit 1\nfi\n# This output is used by Xcode 'outputs' to avoid re-running this script phase.\necho \"SUCCESS\" > \"${SCRIPT_OUTPUT_FILE_0}\"\n";
			showEnvVarsInLog = 0;
		};
		C230D8F8CF43D4D2B0E2599F /* [CP] Check Pods Manifest.lock */ = {
			isa = PBXShellScriptBuildPhase;
			buildActionMask = 2147483647;
			files = (
			);
			inputFileListPaths = (
			);
			inputPaths = (
				"${PODS_PODFILE_DIR_PATH}/Podfile.lock",
				"${PODS_ROOT}/Manifest.lock",
			);
			name = "[CP] Check Pods Manifest.lock";
			outputFileListPaths = (
			);
			outputPaths = (
				"$(DERIVED_FILE_DIR)/Pods-Github-Browser-checkManifestLockResult.txt",
			);
			runOnlyForDeploymentPostprocessing = 0;
			shellPath = /bin/sh;
			shellScript = "diff \"${PODS_PODFILE_DIR_PATH}/Podfile.lock\" \"${PODS_ROOT}/Manifest.lock\" > /dev/null\nif [ $? != 0 ] ; then\n    # print error to STDERR\n    echo \"error: The sandbox is not in sync with the Podfile.lock. Run 'pod install' or update your CocoaPods installation.\" >&2\n    exit 1\nfi\n# This output is used by Xcode 'outputs' to avoid re-running this script phase.\necho \"SUCCESS\" > \"${SCRIPT_OUTPUT_FILE_0}\"\n";
			showEnvVarsInLog = 0;
		};
/* End PBXShellScriptBuildPhase section */

/* Begin PBXSourcesBuildPhase section */
		A020022D22DBAC6F0063369C /* Sources */ = {
			isa = PBXSourcesBuildPhase;
			buildActionMask = 2147483647;
			files = (
				A02002D422DFC1070063369C /* SHTextField.swift in Sources */,
				A02002C622DEFFDC0063369C /* UIImageView_+_maskCircle.swift in Sources */,
				A02002A922DDBC260063369C /* RawServerResponse.swift in Sources */,
				A01936DE22E4FB6800D4D105 /* PropertyRowView.swift in Sources */,
				A02002AD22DDBC9D0063369C /* Owner.swift in Sources */,
				A02002B222DDEA320063369C /* JSONSchemaSupport.swift in Sources */,
				A020028E22DC8E490063369C /* SortOptions.swift in Sources */,
				A020023D22DBAC6F0063369C /* Github_Browser.xcdatamodeld in Sources */,
				A020027722DBB4D20063369C /* UIColor_+_init.swift in Sources */,
				A02002CC22DF38E70063369C /* UITextField_+_disableAutoTypes.swift in Sources */,
				A02002D022DFB03E0063369C /* Endpoint.swift in Sources */,
				A01936D922E4F36A00D4D105 /* SingleRepositoryViewController.swift in Sources */,
				A020028A22DC543A0063369C /* UIFont_+_init.swift in Sources */,
				A020029022DC9E410063369C /* DropDown_+_insets.swift in Sources */,
				A02002B622DE05DC0063369C /* SortOrderBuilder.swift in Sources */,
				A02002C822DF04B20063369C /* PlistManager.swift in Sources */,
				A020029C22DCF9D50063369C /* RepositoryViewModel.swift in Sources */,
				A020026722DBB1780063369C /* RepositoriesBrowserViewController.swift in Sources */,
				A020027B22DBB5350063369C /* UISearchTextfield_+_customization.swift in Sources */,
				A02002AB22DDBC7D0063369C /* Repository.swift in Sources */,
				A020027922DBB5060063369C /* UIView_+_autolayout_+_bottomBorder.swift in Sources */,
				A020027422DBB25D0063369C /* SHTopView.swift in Sources */,
				A01936D422E3516800D4D105 /* RepositoryTableViewCell.swift in Sources */,
				A02002B422DE01F40063369C /* QueryBuilder.swift in Sources */,
				A01936D222E23AA900D4D105 /* License.swift in Sources */,
				A02002CA22DF37C60063369C /* SHSearchTextField.swift in Sources */,
				A02002B822DE09170063369C /* InBuilder.swift in Sources */,
				A02002C022DE3EA00063369C /* FiltersTableViewCell.swift in Sources */,
				A020023522DBAC6F0063369C /* AppDelegate.swift in Sources */,
				A02002CE22DFB0160063369C /* DataLoader.swift in Sources */,
				A020028622DBDC930063369C /* SHButton.swift in Sources */,
				A020029622DCED8F0063369C /* UITableView_+_emptyView.swift in Sources */,
				A020028822DBDD320063369C /* Protocols.swift in Sources */,
				A020029A22DCF9960063369C /* RepositoriesViewModel.swift in Sources */,
				A020026F22DBB2060063369C /* SHLabel.swift in Sources */,
				A01936DC22E4F61100D4D105 /* SingleRepositoryView.swift in Sources */,
				A020027222DBB22E0063369C /* Fonts.swift in Sources */,
				A020028C22DC62F10063369C /* CheckBox.swift in Sources */,
				A01936D622E3A3B700D4D105 /* SHPaddingLabel.swift in Sources */,
				A02002D622DFC23C0063369C /* SHCheckBox.swift in Sources */,
				A02002D822DFC4540063369C /* SHMainSearchTextField.swift in Sources */,
			);
			runOnlyForDeploymentPostprocessing = 0;
		};
		A020024422DBAC700063369C /* Sources */ = {
			isa = PBXSourcesBuildPhase;
			buildActionMask = 2147483647;
			files = (
				A020024D22DBAC700063369C /* Github_BrowserTests.swift in Sources */,
			);
			runOnlyForDeploymentPostprocessing = 0;
		};
		A020024F22DBAC700063369C /* Sources */ = {
			isa = PBXSourcesBuildPhase;
			buildActionMask = 2147483647;
			files = (
				A020025822DBAC700063369C /* Github_BrowserUITests.swift in Sources */,
			);
			runOnlyForDeploymentPostprocessing = 0;
		};
/* End PBXSourcesBuildPhase section */

/* Begin PBXTargetDependency section */
		A020024A22DBAC700063369C /* PBXTargetDependency */ = {
			isa = PBXTargetDependency;
			target = A020023022DBAC6F0063369C /* Github-Browser */;
			targetProxy = A020024922DBAC700063369C /* PBXContainerItemProxy */;
		};
		A020025522DBAC700063369C /* PBXTargetDependency */ = {
			isa = PBXTargetDependency;
			target = A020023022DBAC6F0063369C /* Github-Browser */;
			targetProxy = A020025422DBAC700063369C /* PBXContainerItemProxy */;
		};
/* End PBXTargetDependency section */

/* Begin PBXVariantGroup section */
		A020024022DBAC700063369C /* LaunchScreen.storyboard */ = {
			isa = PBXVariantGroup;
			children = (
				A020024122DBAC700063369C /* Base */,
			);
			name = LaunchScreen.storyboard;
			sourceTree = "<group>";
		};
/* End PBXVariantGroup section */

/* Begin XCBuildConfiguration section */
		A020025A22DBAC700063369C /* Debug */ = {
			isa = XCBuildConfiguration;
			buildSettings = {
				ALWAYS_SEARCH_USER_PATHS = NO;
				CLANG_ANALYZER_NONNULL = YES;
				CLANG_ANALYZER_NUMBER_OBJECT_CONVERSION = YES_AGGRESSIVE;
				CLANG_CXX_LANGUAGE_STANDARD = "gnu++14";
				CLANG_CXX_LIBRARY = "libc++";
				CLANG_ENABLE_MODULES = YES;
				CLANG_ENABLE_OBJC_ARC = YES;
				CLANG_ENABLE_OBJC_WEAK = YES;
				CLANG_WARN_BLOCK_CAPTURE_AUTORELEASING = YES;
				CLANG_WARN_BOOL_CONVERSION = YES;
				CLANG_WARN_COMMA = YES;
				CLANG_WARN_CONSTANT_CONVERSION = YES;
				CLANG_WARN_DEPRECATED_OBJC_IMPLEMENTATIONS = YES;
				CLANG_WARN_DIRECT_OBJC_ISA_USAGE = YES_ERROR;
				CLANG_WARN_DOCUMENTATION_COMMENTS = YES;
				CLANG_WARN_EMPTY_BODY = YES;
				CLANG_WARN_ENUM_CONVERSION = YES;
				CLANG_WARN_INFINITE_RECURSION = YES;
				CLANG_WARN_INT_CONVERSION = YES;
				CLANG_WARN_NON_LITERAL_NULL_CONVERSION = YES;
				CLANG_WARN_OBJC_IMPLICIT_RETAIN_SELF = YES;
				CLANG_WARN_OBJC_LITERAL_CONVERSION = YES;
				CLANG_WARN_OBJC_ROOT_CLASS = YES_ERROR;
				CLANG_WARN_RANGE_LOOP_ANALYSIS = YES;
				CLANG_WARN_STRICT_PROTOTYPES = YES;
				CLANG_WARN_SUSPICIOUS_MOVE = YES;
				CLANG_WARN_UNGUARDED_AVAILABILITY = YES_AGGRESSIVE;
				CLANG_WARN_UNREACHABLE_CODE = YES;
				CLANG_WARN__DUPLICATE_METHOD_MATCH = YES;
				CODE_SIGN_IDENTITY = "iPhone Developer";
				COPY_PHASE_STRIP = NO;
				DEBUG_INFORMATION_FORMAT = dwarf;
				ENABLE_STRICT_OBJC_MSGSEND = YES;
				ENABLE_TESTABILITY = YES;
				GCC_C_LANGUAGE_STANDARD = gnu11;
				GCC_DYNAMIC_NO_PIC = NO;
				GCC_NO_COMMON_BLOCKS = YES;
				GCC_OPTIMIZATION_LEVEL = 0;
				GCC_PREPROCESSOR_DEFINITIONS = (
					"DEBUG=1",
					"$(inherited)",
				);
				GCC_WARN_64_TO_32_BIT_CONVERSION = YES;
				GCC_WARN_ABOUT_RETURN_TYPE = YES_ERROR;
				GCC_WARN_UNDECLARED_SELECTOR = YES;
				GCC_WARN_UNINITIALIZED_AUTOS = YES_AGGRESSIVE;
				GCC_WARN_UNUSED_FUNCTION = YES;
				GCC_WARN_UNUSED_VARIABLE = YES;
				IPHONEOS_DEPLOYMENT_TARGET = 12.2;
				MTL_ENABLE_DEBUG_INFO = INCLUDE_SOURCE;
				MTL_FAST_MATH = YES;
				ONLY_ACTIVE_ARCH = YES;
				SDKROOT = iphoneos;
				SWIFT_ACTIVE_COMPILATION_CONDITIONS = DEBUG;
				SWIFT_OPTIMIZATION_LEVEL = "-Onone";
			};
			name = Debug;
		};
		A020025B22DBAC700063369C /* Release */ = {
			isa = XCBuildConfiguration;
			buildSettings = {
				ALWAYS_SEARCH_USER_PATHS = NO;
				CLANG_ANALYZER_NONNULL = YES;
				CLANG_ANALYZER_NUMBER_OBJECT_CONVERSION = YES_AGGRESSIVE;
				CLANG_CXX_LANGUAGE_STANDARD = "gnu++14";
				CLANG_CXX_LIBRARY = "libc++";
				CLANG_ENABLE_MODULES = YES;
				CLANG_ENABLE_OBJC_ARC = YES;
				CLANG_ENABLE_OBJC_WEAK = YES;
				CLANG_WARN_BLOCK_CAPTURE_AUTORELEASING = YES;
				CLANG_WARN_BOOL_CONVERSION = YES;
				CLANG_WARN_COMMA = YES;
				CLANG_WARN_CONSTANT_CONVERSION = YES;
				CLANG_WARN_DEPRECATED_OBJC_IMPLEMENTATIONS = YES;
				CLANG_WARN_DIRECT_OBJC_ISA_USAGE = YES_ERROR;
				CLANG_WARN_DOCUMENTATION_COMMENTS = YES;
				CLANG_WARN_EMPTY_BODY = YES;
				CLANG_WARN_ENUM_CONVERSION = YES;
				CLANG_WARN_INFINITE_RECURSION = YES;
				CLANG_WARN_INT_CONVERSION = YES;
				CLANG_WARN_NON_LITERAL_NULL_CONVERSION = YES;
				CLANG_WARN_OBJC_IMPLICIT_RETAIN_SELF = YES;
				CLANG_WARN_OBJC_LITERAL_CONVERSION = YES;
				CLANG_WARN_OBJC_ROOT_CLASS = YES_ERROR;
				CLANG_WARN_RANGE_LOOP_ANALYSIS = YES;
				CLANG_WARN_STRICT_PROTOTYPES = YES;
				CLANG_WARN_SUSPICIOUS_MOVE = YES;
				CLANG_WARN_UNGUARDED_AVAILABILITY = YES_AGGRESSIVE;
				CLANG_WARN_UNREACHABLE_CODE = YES;
				CLANG_WARN__DUPLICATE_METHOD_MATCH = YES;
				CODE_SIGN_IDENTITY = "iPhone Developer";
				COPY_PHASE_STRIP = NO;
				DEBUG_INFORMATION_FORMAT = "dwarf-with-dsym";
				ENABLE_NS_ASSERTIONS = NO;
				ENABLE_STRICT_OBJC_MSGSEND = YES;
				GCC_C_LANGUAGE_STANDARD = gnu11;
				GCC_NO_COMMON_BLOCKS = YES;
				GCC_WARN_64_TO_32_BIT_CONVERSION = YES;
				GCC_WARN_ABOUT_RETURN_TYPE = YES_ERROR;
				GCC_WARN_UNDECLARED_SELECTOR = YES;
				GCC_WARN_UNINITIALIZED_AUTOS = YES_AGGRESSIVE;
				GCC_WARN_UNUSED_FUNCTION = YES;
				GCC_WARN_UNUSED_VARIABLE = YES;
				IPHONEOS_DEPLOYMENT_TARGET = 12.2;
				MTL_ENABLE_DEBUG_INFO = NO;
				MTL_FAST_MATH = YES;
				SDKROOT = iphoneos;
				SWIFT_COMPILATION_MODE = wholemodule;
				SWIFT_OPTIMIZATION_LEVEL = "-O";
				VALIDATE_PRODUCT = YES;
			};
			name = Release;
		};
		A020025D22DBAC700063369C /* Debug */ = {
			isa = XCBuildConfiguration;
			baseConfigurationReference = 5DFDC244976054DAF6DD89FF /* Pods-Github-Browser.debug.xcconfig */;
			buildSettings = {
				ASSETCATALOG_COMPILER_APPICON_NAME = AppIcon;
				CODE_SIGN_STYLE = Automatic;
				DEVELOPMENT_TEAM = 3TN5KYQH36;
				INFOPLIST_FILE = "Github-Browser/Info.plist";
				LD_RUNPATH_SEARCH_PATHS = (
					"$(inherited)",
					"@executable_path/Frameworks",
				);
				PRODUCT_BUNDLE_IDENTIFIER = "com.szhanzel.Github-Browser";
				PRODUCT_NAME = "$(TARGET_NAME)";
				SWIFT_VERSION = 5.0;
				TARGETED_DEVICE_FAMILY = "1,2";
			};
			name = Debug;
		};
		A020025E22DBAC700063369C /* Release */ = {
			isa = XCBuildConfiguration;
			baseConfigurationReference = CDF69ADE09F1691366F72C00 /* Pods-Github-Browser.release.xcconfig */;
			buildSettings = {
				ASSETCATALOG_COMPILER_APPICON_NAME = AppIcon;
				CODE_SIGN_STYLE = Automatic;
				DEVELOPMENT_TEAM = 3TN5KYQH36;
				INFOPLIST_FILE = "Github-Browser/Info.plist";
				LD_RUNPATH_SEARCH_PATHS = (
					"$(inherited)",
					"@executable_path/Frameworks",
				);
				PRODUCT_BUNDLE_IDENTIFIER = "com.szhanzel.Github-Browser";
				PRODUCT_NAME = "$(TARGET_NAME)";
				SWIFT_VERSION = 5.0;
				TARGETED_DEVICE_FAMILY = "1,2";
			};
			name = Release;
		};
		A020026022DBAC700063369C /* Debug */ = {
			isa = XCBuildConfiguration;
			baseConfigurationReference = B41AB0C80CEBA83F59FEB689 /* Pods-Github-BrowserTests.debug.xcconfig */;
			buildSettings = {
				ALWAYS_EMBED_SWIFT_STANDARD_LIBRARIES = YES;
				BUNDLE_LOADER = "$(TEST_HOST)";
				CODE_SIGN_STYLE = Automatic;
				DEVELOPMENT_TEAM = 3TN5KYQH36;
				INFOPLIST_FILE = "Github-BrowserTests/Info.plist";
				LD_RUNPATH_SEARCH_PATHS = (
					"$(inherited)",
					"@executable_path/Frameworks",
					"@loader_path/Frameworks",
				);
				PRODUCT_BUNDLE_IDENTIFIER = "com.szhanzel.Github-BrowserTests";
				PRODUCT_NAME = "$(TARGET_NAME)";
				SWIFT_VERSION = 5.0;
				TARGETED_DEVICE_FAMILY = "1,2";
				TEST_HOST = "$(BUILT_PRODUCTS_DIR)/Github-Browser.app/Github-Browser";
			};
			name = Debug;
		};
		A020026122DBAC700063369C /* Release */ = {
			isa = XCBuildConfiguration;
			baseConfigurationReference = 24024DA439C38935BC17D02B /* Pods-Github-BrowserTests.release.xcconfig */;
			buildSettings = {
				ALWAYS_EMBED_SWIFT_STANDARD_LIBRARIES = YES;
				BUNDLE_LOADER = "$(TEST_HOST)";
				CODE_SIGN_STYLE = Automatic;
				DEVELOPMENT_TEAM = 3TN5KYQH36;
				INFOPLIST_FILE = "Github-BrowserTests/Info.plist";
				LD_RUNPATH_SEARCH_PATHS = (
					"$(inherited)",
					"@executable_path/Frameworks",
					"@loader_path/Frameworks",
				);
				PRODUCT_BUNDLE_IDENTIFIER = "com.szhanzel.Github-BrowserTests";
				PRODUCT_NAME = "$(TARGET_NAME)";
				SWIFT_VERSION = 5.0;
				TARGETED_DEVICE_FAMILY = "1,2";
				TEST_HOST = "$(BUILT_PRODUCTS_DIR)/Github-Browser.app/Github-Browser";
			};
			name = Release;
		};
		A020026322DBAC700063369C /* Debug */ = {
			isa = XCBuildConfiguration;
			baseConfigurationReference = 9E8C71EAD9B91D6ACF03631F /* Pods-Github-BrowserUITests.debug.xcconfig */;
			buildSettings = {
				ALWAYS_EMBED_SWIFT_STANDARD_LIBRARIES = YES;
				CODE_SIGN_STYLE = Automatic;
				DEVELOPMENT_TEAM = 3TN5KYQH36;
				INFOPLIST_FILE = "Github-BrowserUITests/Info.plist";
				LD_RUNPATH_SEARCH_PATHS = (
					"$(inherited)",
					"@executable_path/Frameworks",
					"@loader_path/Frameworks",
				);
				PRODUCT_BUNDLE_IDENTIFIER = "com.szhanzel.Github-BrowserUITests";
				PRODUCT_NAME = "$(TARGET_NAME)";
				SWIFT_VERSION = 5.0;
				TARGETED_DEVICE_FAMILY = "1,2";
				TEST_TARGET_NAME = "Github-Browser";
			};
			name = Debug;
		};
		A020026422DBAC700063369C /* Release */ = {
			isa = XCBuildConfiguration;
			baseConfigurationReference = D7D537EB6F9B3460633513CB /* Pods-Github-BrowserUITests.release.xcconfig */;
			buildSettings = {
				ALWAYS_EMBED_SWIFT_STANDARD_LIBRARIES = YES;
				CODE_SIGN_STYLE = Automatic;
				DEVELOPMENT_TEAM = 3TN5KYQH36;
				INFOPLIST_FILE = "Github-BrowserUITests/Info.plist";
				LD_RUNPATH_SEARCH_PATHS = (
					"$(inherited)",
					"@executable_path/Frameworks",
					"@loader_path/Frameworks",
				);
				PRODUCT_BUNDLE_IDENTIFIER = "com.szhanzel.Github-BrowserUITests";
				PRODUCT_NAME = "$(TARGET_NAME)";
				SWIFT_VERSION = 5.0;
				TARGETED_DEVICE_FAMILY = "1,2";
				TEST_TARGET_NAME = "Github-Browser";
			};
			name = Release;
		};
/* End XCBuildConfiguration section */

/* Begin XCConfigurationList section */
		A020022C22DBAC6E0063369C /* Build configuration list for PBXProject "Github-Browser" */ = {
			isa = XCConfigurationList;
			buildConfigurations = (
				A020025A22DBAC700063369C /* Debug */,
				A020025B22DBAC700063369C /* Release */,
			);
			defaultConfigurationIsVisible = 0;
			defaultConfigurationName = Release;
		};
		A020025C22DBAC700063369C /* Build configuration list for PBXNativeTarget "Github-Browser" */ = {
			isa = XCConfigurationList;
			buildConfigurations = (
				A020025D22DBAC700063369C /* Debug */,
				A020025E22DBAC700063369C /* Release */,
			);
			defaultConfigurationIsVisible = 0;
			defaultConfigurationName = Release;
		};
		A020025F22DBAC700063369C /* Build configuration list for PBXNativeTarget "Github-BrowserTests" */ = {
			isa = XCConfigurationList;
			buildConfigurations = (
				A020026022DBAC700063369C /* Debug */,
				A020026122DBAC700063369C /* Release */,
			);
			defaultConfigurationIsVisible = 0;
			defaultConfigurationName = Release;
		};
		A020026222DBAC700063369C /* Build configuration list for PBXNativeTarget "Github-BrowserUITests" */ = {
			isa = XCConfigurationList;
			buildConfigurations = (
				A020026322DBAC700063369C /* Debug */,
				A020026422DBAC700063369C /* Release */,
			);
			defaultConfigurationIsVisible = 0;
			defaultConfigurationName = Release;
		};
/* End XCConfigurationList section */

/* Begin XCVersionGroup section */
		A020023B22DBAC6F0063369C /* Github_Browser.xcdatamodeld */ = {
			isa = XCVersionGroup;
			children = (
				A020023C22DBAC6F0063369C /* Github_Browser.xcdatamodel */,
			);
			currentVersion = A020023C22DBAC6F0063369C /* Github_Browser.xcdatamodel */;
			path = Github_Browser.xcdatamodeld;
			sourceTree = "<group>";
			versionGroupType = wrapper.xcdatamodel;
		};
/* End XCVersionGroup section */
	};
	rootObject = A020022922DBAC6E0063369C /* Project object */;
}
